// !$*UTF8*$!
{
	archiveVersion = 1;
	classes = {
	};
	objectVersion = 50;
	objects = {

/* Begin PBXBuildFile section */
		4187ED932290679200900E10 /* AppDelegate.swift in Sources */ = {isa = PBXBuildFile; fileRef = 4187ED922290679200900E10 /* AppDelegate.swift */; };
		4187ED952290679200900E10 /* ViewController.swift in Sources */ = {isa = PBXBuildFile; fileRef = 4187ED942290679200900E10 /* ViewController.swift */; };
		4187ED982290679200900E10 /* Main.storyboard in Resources */ = {isa = PBXBuildFile; fileRef = 4187ED962290679200900E10 /* Main.storyboard */; };
		4187ED9A2290679300900E10 /* Assets.xcassets in Resources */ = {isa = PBXBuildFile; fileRef = 4187ED992290679300900E10 /* Assets.xcassets */; };
		4187ED9D2290679300900E10 /* LaunchScreen.storyboard in Resources */ = {isa = PBXBuildFile; fileRef = 4187ED9B2290679300900E10 /* LaunchScreen.storyboard */; };
		4187EDAC229067B400900E10 /* phew3.png in Resources */ = {isa = PBXBuildFile; fileRef = 4187EDA4229067B400900E10 /* phew3.png */; };
		4187EDAD229067B400900E10 /* phew4.png in Resources */ = {isa = PBXBuildFile; fileRef = 4187EDA5229067B400900E10 /* phew4.png */; };
		4187EDAE229067B400900E10 /* phew1.png in Resources */ = {isa = PBXBuildFile; fileRef = 4187EDA6229067B400900E10 /* phew1.png */; };
		4187EDAF229067B400900E10 /* phew5.png in Resources */ = {isa = PBXBuildFile; fileRef = 4187EDA7229067B400900E10 /* phew5.png */; };
		4187EDB0229067B400900E10 /* phew8.png in Resources */ = {isa = PBXBuildFile; fileRef = 4187EDA8229067B400900E10 /* phew8.png */; };
		4187EDB1229067B400900E10 /* phew7.png in Resources */ = {isa = PBXBuildFile; fileRef = 4187EDA9229067B400900E10 /* phew7.png */; };
		4187EDB2229067B400900E10 /* phew2.png in Resources */ = {isa = PBXBuildFile; fileRef = 4187EDAA229067B400900E10 /* phew2.png */; };
		4187EDB3229067B400900E10 /* phew6.png in Resources */ = {isa = PBXBuildFile; fileRef = 4187EDAB229067B400900E10 /* phew6.png */; };
		4189E080229137590083D15B /* secondViewController.swift in Sources */ = {isa = PBXBuildFile; fileRef = 4189E07F229137590083D15B /* secondViewController.swift */; };
		4189E0822291526A0083D15B /* thirdViewController.swift in Sources */ = {isa = PBXBuildFile; fileRef = 4189E0812291526A0083D15B /* thirdViewController.swift */; };
		41F957ED22970F7100F90895 /* soundzit.wav in Resources */ = {isa = PBXBuildFile; fileRef = 41F957EC22970F7100F90895 /* soundzit.wav */; };
/* End PBXBuildFile section */

/* Begin PBXFileReference section */
		4187ED8F2290679200900E10 /* Phew.app */ = {isa = PBXFileReference; explicitFileType = wrapper.application; includeInIndex = 0; path = Phew.app; sourceTree = BUILT_PRODUCTS_DIR; };
		4187ED922290679200900E10 /* AppDelegate.swift */ = {isa = PBXFileReference; lastKnownFileType = sourcecode.swift; path = AppDelegate.swift; sourceTree = "<group>"; };
		4187ED942290679200900E10 /* ViewController.swift */ = {isa = PBXFileReference; lastKnownFileType = sourcecode.swift; path = ViewController.swift; sourceTree = "<group>"; };
		4187ED972290679200900E10 /* Base */ = {isa = PBXFileReference; lastKnownFileType = file.storyboard; name = Base; path = Base.lproj/Main.storyboard; sourceTree = "<group>"; };
		4187ED992290679300900E10 /* Assets.xcassets */ = {isa = PBXFileReference; lastKnownFileType = folder.assetcatalog; path = Assets.xcassets; sourceTree = "<group>"; };
		4187ED9C2290679300900E10 /* Base */ = {isa = PBXFileReference; lastKnownFileType = file.storyboard; name = Base; path = Base.lproj/LaunchScreen.storyboard; sourceTree = "<group>"; };
		4187ED9E2290679300900E10 /* Info.plist */ = {isa = PBXFileReference; lastKnownFileType = text.plist.xml; path = Info.plist; sourceTree = "<group>"; };
		4187EDA4229067B400900E10 /* phew3.png */ = {isa = PBXFileReference; lastKnownFileType = image.png; path = phew3.png; sourceTree = "<group>"; };
		4187EDA5229067B400900E10 /* phew4.png */ = {isa = PBXFileReference; lastKnownFileType = image.png; path = phew4.png; sourceTree = "<group>"; };
		4187EDA6229067B400900E10 /* phew1.png */ = {isa = PBXFileReference; lastKnownFileType = image.png; path = phew1.png; sourceTree = "<group>"; };
		4187EDA7229067B400900E10 /* phew5.png */ = {isa = PBXFileReference; lastKnownFileType = image.png; path = phew5.png; sourceTree = "<group>"; };
		4187EDA8229067B400900E10 /* phew8.png */ = {isa = PBXFileReference; lastKnownFileType = image.png; path = phew8.png; sourceTree = "<group>"; };
		4187EDA9229067B400900E10 /* phew7.png */ = {isa = PBXFileReference; lastKnownFileType = image.png; path = phew7.png; sourceTree = "<group>"; };
		4187EDAA229067B400900E10 /* phew2.png */ = {isa = PBXFileReference; lastKnownFileType = image.png; path = phew2.png; sourceTree = "<group>"; };
		4187EDAB229067B400900E10 /* phew6.png */ = {isa = PBXFileReference; lastKnownFileType = image.png; path = phew6.png; sourceTree = "<group>"; };
		4189E07F229137590083D15B /* secondViewController.swift */ = {isa = PBXFileReference; lastKnownFileType = sourcecode.swift; path = secondViewController.swift; sourceTree = "<group>"; };
		4189E0812291526A0083D15B /* thirdViewController.swift */ = {isa = PBXFileReference; lastKnownFileType = sourcecode.swift; path = thirdViewController.swift; sourceTree = "<group>"; };
		41F957EC22970F7100F90895 /* soundzit.wav */ = {isa = PBXFileReference; lastKnownFileType = audio.wav; path = soundzit.wav; sourceTree = "<group>"; };
/* End PBXFileReference section */

/* Begin PBXFrameworksBuildPhase section */
		4187ED8C2290679200900E10 /* Frameworks */ = {
			isa = PBXFrameworksBuildPhase;
			buildActionMask = 2147483647;
			files = (
			);
			runOnlyForDeploymentPostprocessing = 0;
		};
/* End PBXFrameworksBuildPhase section */

/* Begin PBXGroup section */
		4187ED862290679200900E10 = {
			isa = PBXGroup;
			children = (
				4187EDA6229067B400900E10 /* phew1.png */,
				4187EDAA229067B400900E10 /* phew2.png */,
				4187EDA4229067B400900E10 /* phew3.png */,
				4187EDA5229067B400900E10 /* phew4.png */,
				4187EDA7229067B400900E10 /* phew5.png */,
				4187EDAB229067B400900E10 /* phew6.png */,
				4187EDA9229067B400900E10 /* phew7.png */,
				4187EDA8229067B400900E10 /* phew8.png */,
				4187ED912290679200900E10 /* testPhewAnimation */,
				4187ED902290679200900E10 /* Products */,
			);
			sourceTree = "<group>";
		};
		4187ED902290679200900E10 /* Products */ = {
			isa = PBXGroup;
			children = (
				4187ED8F2290679200900E10 /* Phew.app */,
			);
			name = Products;
			sourceTree = "<group>";
		};
		4187ED912290679200900E10 /* testPhewAnimation */ = {
			isa = PBXGroup;
			children = (
				4187ED922290679200900E10 /* AppDelegate.swift */,
				4187ED942290679200900E10 /* ViewController.swift */,
				4189E07F229137590083D15B /* secondViewController.swift */,
				4189E0812291526A0083D15B /* thirdViewController.swift */,
				4187ED962290679200900E10 /* Main.storyboard */,
				41F957EC22970F7100F90895 /* soundzit.wav */,
				4187ED992290679300900E10 /* Assets.xcassets */,
				4187ED9B2290679300900E10 /* LaunchScreen.storyboard */,
				4187ED9E2290679300900E10 /* Info.plist */,
			);
			path = testPhewAnimation;
			sourceTree = "<group>";
		};
/* End PBXGroup section */

/* Begin PBXNativeTarget section */
		4187ED8E2290679200900E10 /* Phew */ = {
			isa = PBXNativeTarget;
			buildConfigurationList = 4187EDA12290679300900E10 /* Build configuration list for PBXNativeTarget "Phew" */;
			buildPhases = (
				4187ED8B2290679200900E10 /* Sources */,
				4187ED8C2290679200900E10 /* Frameworks */,
				4187ED8D2290679200900E10 /* Resources */,
			);
			buildRules = (
			);
			dependencies = (
			);
			name = Phew;
			productName = testPhewAnimation;
			productReference = 4187ED8F2290679200900E10 /* Phew.app */;
			productType = "com.apple.product-type.application";
		};
/* End PBXNativeTarget section */

/* Begin PBXProject section */
		4187ED872290679200900E10 /* Project object */ = {
			isa = PBXProject;
			attributes = {
				LastSwiftUpdateCheck = 1020;
				LastUpgradeCheck = 1020;
				ORGANIZATIONNAME = "ADa team 07";
				TargetAttributes = {
					4187ED8E2290679200900E10 = {
						CreatedOnToolsVersion = 10.2.1;
					};
				};
			};
			buildConfigurationList = 4187ED8A2290679200900E10 /* Build configuration list for PBXProject "Phew" */;
			compatibilityVersion = "Xcode 9.3";
			developmentRegion = en;
			hasScannedForEncodings = 0;
			knownRegions = (
				en,
				Base,
			);
			mainGroup = 4187ED862290679200900E10;
			productRefGroup = 4187ED902290679200900E10 /* Products */;
			projectDirPath = "";
			projectRoot = "";
			targets = (
				4187ED8E2290679200900E10 /* Phew */,
			);
		};
/* End PBXProject section */

/* Begin PBXResourcesBuildPhase section */
		4187ED8D2290679200900E10 /* Resources */ = {
			isa = PBXResourcesBuildPhase;
			buildActionMask = 2147483647;
			files = (
				41F957ED22970F7100F90895 /* soundzit.wav in Resources */,
				4187EDAC229067B400900E10 /* phew3.png in Resources */,
				4187EDAD229067B400900E10 /* phew4.png in Resources */,
				4187EDAE229067B400900E10 /* phew1.png in Resources */,
				4187EDAF229067B400900E10 /* phew5.png in Resources */,
				4187EDB0229067B400900E10 /* phew8.png in Resources */,
				4187EDB1229067B400900E10 /* phew7.png in Resources */,
				4187EDB2229067B400900E10 /* phew2.png in Resources */,
				4187EDB3229067B400900E10 /* phew6.png in Resources */,
				4187ED9D2290679300900E10 /* LaunchScreen.storyboard in Resources */,
				4187ED9A2290679300900E10 /* Assets.xcassets in Resources */,
				4187ED982290679200900E10 /* Main.storyboard in Resources */,
			);
			runOnlyForDeploymentPostprocessing = 0;
		};
/* End PBXResourcesBuildPhase section */

/* Begin PBXSourcesBuildPhase section */
		4187ED8B2290679200900E10 /* Sources */ = {
			isa = PBXSourcesBuildPhase;
			buildActionMask = 2147483647;
			files = (
				4187ED952290679200900E10 /* ViewController.swift in Sources */,
				4189E080229137590083D15B /* secondViewController.swift in Sources */,
				4189E0822291526A0083D15B /* thirdViewController.swift in Sources */,
				4187ED932290679200900E10 /* AppDelegate.swift in Sources */,
			);
			runOnlyForDeploymentPostprocessing = 0;
		};
/* End PBXSourcesBuildPhase section */

/* Begin PBXVariantGroup section */
		4187ED962290679200900E10 /* Main.storyboard */ = {
			isa = PBXVariantGroup;
			children = (
				4187ED972290679200900E10 /* Base */,
			);
			name = Main.storyboard;
			sourceTree = "<group>";
		};
		4187ED9B2290679300900E10 /* LaunchScreen.storyboard */ = {
			isa = PBXVariantGroup;
			children = (
				4187ED9C2290679300900E10 /* Base */,
			);
			name = LaunchScreen.storyboard;
			sourceTree = "<group>";
		};
/* End PBXVariantGroup section */

/* Begin XCBuildConfiguration section */
		4187ED9F2290679300900E10 /* Debug */ = {
			isa = XCBuildConfiguration;
			buildSettings = {
				ALWAYS_SEARCH_USER_PATHS = NO;
				CLANG_ANALYZER_NONNULL = YES;
				CLANG_ANALYZER_NUMBER_OBJECT_CONVERSION = YES_AGGRESSIVE;
				CLANG_CXX_LANGUAGE_STANDARD = "gnu++14";
				CLANG_CXX_LIBRARY = "libc++";
				CLANG_ENABLE_MODULES = YES;
				CLANG_ENABLE_OBJC_ARC = YES;
				CLANG_ENABLE_OBJC_WEAK = YES;
				CLANG_WARN_BLOCK_CAPTURE_AUTORELEASING = YES;
				CLANG_WARN_BOOL_CONVERSION = YES;
				CLANG_WARN_COMMA = YES;
				CLANG_WARN_CONSTANT_CONVERSION = YES;
				CLANG_WARN_DEPRECATED_OBJC_IMPLEMENTATIONS = YES;
				CLANG_WARN_DIRECT_OBJC_ISA_USAGE = YES_ERROR;
				CLANG_WARN_DOCUMENTATION_COMMENTS = YES;
				CLANG_WARN_EMPTY_BODY = YES;
				CLANG_WARN_ENUM_CONVERSION = YES;
				CLANG_WARN_INFINITE_RECURSION = YES;
				CLANG_WARN_INT_CONVERSION = YES;
				CLANG_WARN_NON_LITERAL_NULL_CONVERSION = YES;
				CLANG_WARN_OBJC_IMPLICIT_RETAIN_SELF = YES;
				CLANG_WARN_OBJC_LITERAL_CONVERSION = YES;
				CLANG_WARN_OBJC_ROOT_CLASS = YES_ERROR;
				CLANG_WARN_RANGE_LOOP_ANALYSIS = YES;
				CLANG_WARN_STRICT_PROTOTYPES = YES;
				CLANG_WARN_SUSPICIOUS_MOVE = YES;
				CLANG_WARN_UNGUARDED_AVAILABILITY = YES_AGGRESSIVE;
				CLANG_WARN_UNREACHABLE_CODE = YES;
				CLANG_WARN__DUPLICATE_METHOD_MATCH = YES;
				CODE_SIGN_IDENTITY = "iPhone Developer";
				COPY_PHASE_STRIP = NO;
				DEBUG_INFORMATION_FORMAT = dwarf;
				ENABLE_STRICT_OBJC_MSGSEND = YES;
				ENABLE_TESTABILITY = YES;
				GCC_C_LANGUAGE_STANDARD = gnu11;
				GCC_DYNAMIC_NO_PIC = NO;
				GCC_NO_COMMON_BLOCKS = YES;
				GCC_OPTIMIZATION_LEVEL = 0;
				GCC_PREPROCESSOR_DEFINITIONS = (
					"DEBUG=1",
					"$(inherited)",
				);
				GCC_WARN_64_TO_32_BIT_CONVERSION = YES;
				GCC_WARN_ABOUT_RETURN_TYPE = YES_ERROR;
				GCC_WARN_UNDECLARED_SELECTOR = YES;
				GCC_WARN_UNINITIALIZED_AUTOS = YES_AGGRESSIVE;
				GCC_WARN_UNUSED_FUNCTION = YES;
				GCC_WARN_UNUSED_VARIABLE = YES;
				IPHONEOS_DEPLOYMENT_TARGET = 12.2;
				MTL_ENABLE_DEBUG_INFO = INCLUDE_SOURCE;
				MTL_FAST_MATH = YES;
				ONLY_ACTIVE_ARCH = YES;
				SDKROOT = iphoneos;
				SWIFT_ACTIVE_COMPILATION_CONDITIONS = DEBUG;
				SWIFT_OPTIMIZATION_LEVEL = "-Onone";
			};
			name = Debug;
		};
		4187EDA02290679300900E10 /* Release */ = {
			isa = XCBuildConfiguration;
			buildSettings = {
				ALWAYS_SEARCH_USER_PATHS = NO;
				CLANG_ANALYZER_NONNULL = YES;
				CLANG_ANALYZER_NUMBER_OBJECT_CONVERSION = YES_AGGRESSIVE;
				CLANG_CXX_LANGUAGE_STANDARD = "gnu++14";
				CLANG_CXX_LIBRARY = "libc++";
				CLANG_ENABLE_MODULES = YES;
				CLANG_ENABLE_OBJC_ARC = YES;
				CLANG_ENABLE_OBJC_WEAK = YES;
				CLANG_WARN_BLOCK_CAPTURE_AUTORELEASING = YES;
				CLANG_WARN_BOOL_CONVERSION = YES;
				CLANG_WARN_COMMA = YES;
				CLANG_WARN_CONSTANT_CONVERSION = YES;
				CLANG_WARN_DEPRECATED_OBJC_IMPLEMENTATIONS = YES;
				CLANG_WARN_DIRECT_OBJC_ISA_USAGE = YES_ERROR;
				CLANG_WARN_DOCUMENTATION_COMMENTS = YES;
				CLANG_WARN_EMPTY_BODY = YES;
				CLANG_WARN_ENUM_CONVERSION = YES;
				CLANG_WARN_INFINITE_RECURSION = YES;
				CLANG_WARN_INT_CONVERSION = YES;
				CLANG_WARN_NON_LITERAL_NULL_CONVERSION = YES;
				CLANG_WARN_OBJC_IMPLICIT_RETAIN_SELF = YES;
				CLANG_WARN_OBJC_LITERAL_CONVERSION = YES;
				CLANG_WARN_OBJC_ROOT_CLASS = YES_ERROR;
				CLANG_WARN_RANGE_LOOP_ANALYSIS = YES;
				CLANG_WARN_STRICT_PROTOTYPES = YES;
				CLANG_WARN_SUSPICIOUS_MOVE = YES;
				CLANG_WARN_UNGUARDED_AVAILABILITY = YES_AGGRESSIVE;
				CLANG_WARN_UNREACHABLE_CODE = YES;
				CLANG_WARN__DUPLICATE_METHOD_MATCH = YES;
				CODE_SIGN_IDENTITY = "iPhone Developer";
				COPY_PHASE_STRIP = NO;
				DEBUG_INFORMATION_FORMAT = "dwarf-with-dsym";
				ENABLE_NS_ASSERTIONS = NO;
				ENABLE_STRICT_OBJC_MSGSEND = YES;
				GCC_C_LANGUAGE_STANDARD = gnu11;
				GCC_NO_COMMON_BLOCKS = YES;
				GCC_WARN_64_TO_32_BIT_CONVERSION = YES;
				GCC_WARN_ABOUT_RETURN_TYPE = YES_ERROR;
				GCC_WARN_UNDECLARED_SELECTOR = YES;
				GCC_WARN_UNINITIALIZED_AUTOS = YES_AGGRESSIVE;
				GCC_WARN_UNUSED_FUNCTION = YES;
				GCC_WARN_UNUSED_VARIABLE = YES;
				IPHONEOS_DEPLOYMENT_TARGET = 12.2;
				MTL_ENABLE_DEBUG_INFO = NO;
				MTL_FAST_MATH = YES;
				SDKROOT = iphoneos;
				SWIFT_COMPILATION_MODE = wholemodule;
				SWIFT_OPTIMIZATION_LEVEL = "-O";
				VALIDATE_PRODUCT = YES;
			};
			name = Release;
		};
		4187EDA22290679300900E10 /* Debug */ = {
			isa = XCBuildConfiguration;
			buildSettings = {
				ASSETCATALOG_COMPILER_APPICON_NAME = AppIcon;
				CODE_SIGN_STYLE = Automatic;
				DEVELOPMENT_TEAM = SYKA7A33DL;
				INFOPLIST_FILE = testPhewAnimation/Info.plist;
				LD_RUNPATH_SEARCH_PATHS = (
					"$(inherited)",
					"@executable_path/Frameworks",
				);
				PRODUCT_BUNDLE_IDENTIFIER = com.example.testPhewAnimation;
				PRODUCT_NAME = "$(TARGET_NAME)";
				SWIFT_VERSION = 5.0;
				TARGETED_DEVICE_FAMILY = "1,2";
			};
			name = Debug;
		};
		4187EDA32290679300900E10 /* Release */ = {
			isa = XCBuildConfiguration;
			buildSettings = {
				ASSETCATALOG_COMPILER_APPICON_NAME = AppIcon;
				CODE_SIGN_STYLE = Automatic;
				DEVELOPMENT_TEAM = SYKA7A33DL;
				INFOPLIST_FILE = testPhewAnimation/Info.plist;
				LD_RUNPATH_SEARCH_PATHS = (
					"$(inherited)",
					"@executable_path/Frameworks",
				);
				PRODUCT_BUNDLE_IDENTIFIER = com.example.testPhewAnimation;
				PRODUCT_NAME = "$(TARGET_NAME)";
				SWIFT_VERSION = 5.0;
				TARGETED_DEVICE_FAMILY = "1,2";
			};
			name = Release;
		};
/* End XCBuildConfiguration section */

/* Begin XCConfigurationList section */
		4187ED8A2290679200900E10 /* Build configuration list for PBXProject "Phew" */ = {
			isa = XCConfigurationList;
			buildConfigurations = (
				4187ED9F2290679300900E10 /* Debug */,
				4187EDA02290679300900E10 /* Release */,
			);
			defaultConfigurationIsVisible = 0;
			defaultConfigurationName = Release;
		};
		4187EDA12290679300900E10 /* Build configuration list for PBXNativeTarget "Phew" */ = {
			isa = XCConfigurationList;
			buildConfigurations = (
				4187EDA22290679300900E10 /* Debug */,
				4187EDA32290679300900E10 /* Release */,
			);
			defaultConfigurationIsVisible = 0;
			defaultConfigurationName = Release;
		};
/* End XCConfigurationList section */
	};
	rootObject = 4187ED872290679200900E10 /* Project object */;
}
